
Microsoft Visual Studio Solution File, Format Version 12.00
# Visual Studio Version 17
VisualStudioVersion = 17.2.32526.322
MinimumVisualStudioVersion = 10.0.40219.1
Project("{FAE04EC0-301F-11D3-BF4B-00C04F79EFBC}") = "Tests", "Tests\Tests.csproj", "{3BEDE2C8-3459-421A-B703-05B5234A0CF2}"
EndProject
Project("{FAE04EC0-301F-11D3-BF4B-00C04F79EFBC}") = "Framework", "Framework\Framework.csproj", "{C8ECB925-ED85-423E-B62E-BC907A613D24}"
EndProject
Global
	GlobalSection(SolutionConfigurationPlatforms) = preSolution
		Debug|Any CPU = Debug|Any CPU
		Release|Any CPU = Release|Any CPU
	EndGlobalSection
	GlobalSection(ProjectConfigurationPlatforms) = postSolution
		{3BEDE2C8-3459-421A-B703-05B5234A0CF2}.Debug|Any CPU.ActiveCfg = Debug|Any CPU
		{3BEDE2C8-3459-421A-B703-05B5234A0CF2}.Debug|Any CPU.Build.0 = Debug|Any CPU
		{3BEDE2C8-3459-421A-B703-05B5234A0CF2}.Release|Any CPU.ActiveCfg = Release|Any CPU
		{3BEDE2C8-3459-421A-B703-05B5234A0CF2}.Release|Any CPU.Build.0 = Release|Any CPU
		{C8ECB925-ED85-423E-B62E-BC907A613D24}.Debug|Any CPU.ActiveCfg = Debug|Any CPU
		{C8ECB925-ED85-423E-B62E-BC907A613D24}.Debug|Any CPU.Build.0 = Debug|Any CPU
		{C8ECB925-ED85-423E-B62E-BC907A613D24}.Release|Any CPU.ActiveCfg = Release|Any CPU
		{C8ECB925-ED85-423E-B62E-BC907A613D24}.Release|Any CPU.Build.0 = Release|Any CPU
	EndGlobalSection
	GlobalSection(SolutionProperties) = preSolution
		HideSolutionNode = FALSE
	EndGlobalSection
	GlobalSection(ExtensibilityGlobals) = postSolution
		SolutionGuid = {FAE8F04C-3DED-480A-B7B6-173D338B4A1B}
	EndGlobalSection
EndGlobal
